
Microsoft Visual Studio Solution File, Format Version 12.00
# Visual Studio 2013
VisualStudioVersion = 12.0.31101.0
MinimumVisualStudioVersion = 10.0.40219.1
Project("{FAE04EC0-301F-11D3-BF4B-00C04F79EFBC}") = "Artistry_CL", "Artistry_CL\Artistry_CL.csproj", "{76E0BEAF-0808-424D-BA1B-9DF481D15E0E}"
EndProject
Project("{FAE04EC0-301F-11D3-BF4B-00C04F79EFBC}") = "Artistry_Service", "Artistry_Service\Artistry_Service.csproj", "{1AF4436C-AE2E-4439-81B7-11DB085A7948}"
EndProject
Project("{FAE04EC0-301F-11D3-BF4B-00C04F79EFBC}") = "Artistry_WF", "Artistry_WF\Artistry_WF.csproj", "{58EBEB2D-BD62-4823-BBC6-3086F440EC22}"
	ProjectSection(ProjectDependencies) = postProject
		{1AF4436C-AE2E-4439-81B7-11DB085A7948} = {1AF4436C-AE2E-4439-81B7-11DB085A7948}
	EndProjectSection
EndProject
Global
	GlobalSection(SolutionConfigurationPlatforms) = preSolution
		Debug|Any CPU = Debug|Any CPU
		Release|Any CPU = Release|Any CPU
	EndGlobalSection
	GlobalSection(ProjectConfigurationPlatforms) = postSolution
		{76E0BEAF-0808-424D-BA1B-9DF481D15E0E}.Debug|Any CPU.ActiveCfg = Debug|Any CPU
		{76E0BEAF-0808-424D-BA1B-9DF481D15E0E}.Debug|Any CPU.Build.0 = Debug|Any CPU
		{76E0BEAF-0808-424D-BA1B-9DF481D15E0E}.Release|Any CPU.ActiveCfg = Release|Any CPU
		{76E0BEAF-0808-424D-BA1B-9DF481D15E0E}.Release|Any CPU.Build.0 = Release|Any CPU
		{1AF4436C-AE2E-4439-81B7-11DB085A7948}.Debug|Any CPU.ActiveCfg = Debug|Any CPU
		{1AF4436C-AE2E-4439-81B7-11DB085A7948}.Debug|Any CPU.Build.0 = Debug|Any CPU
		{1AF4436C-AE2E-4439-81B7-11DB085A7948}.Release|Any CPU.ActiveCfg = Release|Any CPU
		{1AF4436C-AE2E-4439-81B7-11DB085A7948}.Release|Any CPU.Build.0 = Release|Any CPU
		{58EBEB2D-BD62-4823-BBC6-3086F440EC22}.Debug|Any CPU.ActiveCfg = Debug|Any CPU
		{58EBEB2D-BD62-4823-BBC6-3086F440EC22}.Debug|Any CPU.Build.0 = Debug|Any CPU
		{58EBEB2D-BD62-4823-BBC6-3086F440EC22}.Release|Any CPU.ActiveCfg = Release|Any CPU
		{58EBEB2D-BD62-4823-BBC6-3086F440EC22}.Release|Any CPU.Build.0 = Release|Any CPU
	EndGlobalSection
	GlobalSection(SolutionProperties) = preSolution
		HideSolutionNode = FALSE
	EndGlobalSection
EndGlobal
